{
  "requires": true,
  "lockfileVersion": 1,
  "dependencies": {
    "fabric": {
      "version": "1.7.19",
      "resolved": "https://registry.npmjs.org/fabric/-/fabric-1.7.19.tgz",
      "integrity": "sha1-GzVdmqWmMNCoiQ2zw8BiR3zZMgQ=",
      "requires": {
        "xmldom": "0.1.27"
      }
    },
    "xmldom": {
      "version": "0.1.27",
      "resolved": "https://registry.npmjs.org/xmldom/-/xmldom-0.1.27.tgz",
      "integrity": "sha1-1QH5ezvbQDr4757MIFcxh6rawOk=",
      "optional": true
    }
  }
}
